{
  "requires": true,
  "lockfileVersion": 1,
  "dependencies": {
    "gsap": {
      "version": "3.0.2",
      "resolved": "https://registry.npmjs.org/gsap/-/gsap-3.0.2.tgz",
      "integrity": "sha512-BEDoe/MSOtsXFC83c2TcEmCS3XJ4tetIejh9zE3OGnRtf3uDgIRR+2u1Tu+nU36IZiaytqp97uyF2pWJkLoLZQ=="
    }
  }
}
